
Microsoft Visual Studio Solution File, Format Version 12.00
# Visual Studio Version 16
VisualStudioVersion = 16.0.29613.14
MinimumVisualStudioVersion = 10.0.40219.1
Project("{FAE04EC0-301F-11D3-BF4B-00C04F79EFBC}") = "Cinemang", "Cinemang.csproj", "{672B3286-77FE-4425-A5D0-D89B780CD513}"
EndProject
Global
	GlobalSection(SolutionConfigurationPlatforms) = preSolution
		Debug|Any CPU = Debug|Any CPU
		Release|Any CPU = Release|Any CPU
	EndGlobalSection
	GlobalSection(ProjectConfigurationPlatforms) = postSolution
		{672B3286-77FE-4425-A5D0-D89B780CD513}.Debug|Any CPU.ActiveCfg = Debug|Any CPU
		{672B3286-77FE-4425-A5D0-D89B780CD513}.Debug|Any CPU.Build.0 = Debug|Any CPU
		{672B3286-77FE-4425-A5D0-D89B780CD513}.Release|Any CPU.ActiveCfg = Release|Any CPU
		{672B3286-77FE-4425-A5D0-D89B780CD513}.Release|Any CPU.Build.0 = Release|Any CPU
	EndGlobalSection
	GlobalSection(SolutionProperties) = preSolution
		HideSolutionNode = FALSE
	EndGlobalSection
	GlobalSection(ExtensibilityGlobals) = postSolution
		SolutionGuid = {34A5B21E-522B-448E-8A8F-C651B1FB01AD}
	EndGlobalSection
EndGlobal
